
Microsoft Visual Studio Solution File, Format Version 12.00
# Visual Studio Version 17
VisualStudioVersion = 17.8.34309.116
MinimumVisualStudioVersion = 10.0.40219.1
Project("{8BC9CEB8-8B4A-11D0-8D11-00A0C91BC942}") = "Assassins-projet-CPP", "Assassins-projet-CPP.vcxproj", "{018398F8-F8FA-4EDA-A530-D89B4F05E64A}"
EndProject
Global
	GlobalSection(SolutionConfigurationPlatforms) = preSolution
		Debug|x64 = Debug|x64
		Debug|x86 = Debug|x86
		Release|x64 = Release|x64
		Release|x86 = Release|x86
	EndGlobalSection
	GlobalSection(ProjectConfigurationPlatforms) = postSolution
		{018398F8-F8FA-4EDA-A530-D89B4F05E64A}.Debug|x64.ActiveCfg = Debug|x64
		{018398F8-F8FA-4EDA-A530-D89B4F05E64A}.Debug|x64.Build.0 = Debug|x64
		{018398F8-F8FA-4EDA-A530-D89B4F05E64A}.Debug|x86.ActiveCfg = Debug|Win32
		{018398F8-F8FA-4EDA-A530-D89B4F05E64A}.Debug|x86.Build.0 = Debug|Win32
		{018398F8-F8FA-4EDA-A530-D89B4F05E64A}.Release|x64.ActiveCfg = Release|x64
		{018398F8-F8FA-4EDA-A530-D89B4F05E64A}.Release|x64.Build.0 = Release|x64
		{018398F8-F8FA-4EDA-A530-D89B4F05E64A}.Release|x86.ActiveCfg = Release|Win32
		{018398F8-F8FA-4EDA-A530-D89B4F05E64A}.Release|x86.Build.0 = Release|Win32
	EndGlobalSection
	GlobalSection(SolutionProperties) = preSolution
		HideSolutionNode = FALSE
	EndGlobalSection
	GlobalSection(ExtensibilityGlobals) = postSolution
		SolutionGuid = {33AFD1A6-2CFC-4DC8-A18A-D2FB5D54016C}
	EndGlobalSection
EndGlobal
